// !$*UTF8*$!
{
	archiveVersion = 1;
	classes = {
	};
	objectVersion = 46;
	objects = {

/* Begin PBXBuildFile section */
		16938D54152254B90051666C /* UIKit.framework in Frameworks */ = {isa = PBXBuildFile; fileRef = 16938D53152254B90051666C /* UIKit.framework */; };
		16938D56152254B90051666C /* Foundation.framework in Frameworks */ = {isa = PBXBuildFile; fileRef = 16938D55152254B90051666C /* Foundation.framework */; };
		16938D58152254B90051666C /* CoreGraphics.framework in Frameworks */ = {isa = PBXBuildFile; fileRef = 16938D57152254B90051666C /* CoreGraphics.framework */; };
		16938D5E152254B90051666C /* InfoPlist.strings in Resources */ = {isa = PBXBuildFile; fileRef = 16938D5C152254B90051666C /* InfoPlist.strings */; };
		16938D60152254B90051666C /* main.m in Sources */ = {isa = PBXBuildFile; fileRef = 16938D5F152254B90051666C /* main.m */; };
		16938D64152254B90051666C /* APPAppDelegate.m in Sources */ = {isa = PBXBuildFile; fileRef = 16938D63152254B90051666C /* APPAppDelegate.m */; };
		16938D67152254B90051666C /* MainStoryboard.storyboard in Resources */ = {isa = PBXBuildFile; fileRef = 16938D65152254B90051666C /* MainStoryboard.storyboard */; };
		16938D6A152254B90051666C /* APPViewController.m in Sources */ = {isa = PBXBuildFile; fileRef = 16938D69152254B90051666C /* APPViewController.m */; };
		16938D72152254B90051666C /* SenTestingKit.framework in Frameworks */ = {isa = PBXBuildFile; fileRef = 16938D71152254B90051666C /* SenTestingKit.framework */; };
		16938D73152254B90051666C /* UIKit.framework in Frameworks */ = {isa = PBXBuildFile; fileRef = 16938D53152254B90051666C /* UIKit.framework */; };
		16938D74152254B90051666C /* Foundation.framework in Frameworks */ = {isa = PBXBuildFile; fileRef = 16938D55152254B90051666C /* Foundation.framework */; };
		16938D7C152254B90051666C /* InfoPlist.strings in Resources */ = {isa = PBXBuildFile; fileRef = 16938D7A152254B90051666C /* InfoPlist.strings */; };
		16938D7F152254B90051666C /* CIT342V3Tests.m in Sources */ = {isa = PBXBuildFile; fileRef = 16938D7E152254B90051666C /* CIT342V3Tests.m */; };
/* End PBXBuildFile section */

/* Begin PBXContainerItemProxy section */
		16938D75152254B90051666C /* PBXContainerItemProxy */ = {
			isa = PBXContainerItemProxy;
			containerPortal = 16938D46152254B90051666C /* Project object */;
			proxyType = 1;
			remoteGlobalIDString = 16938D4E152254B90051666C;
			remoteInfo = CIT342V3;
		};
/* End PBXContainerItemProxy section */

/* Begin PBXFileReference section */
		16938D4F152254B90051666C /* CIT342V3.app */ = {isa = PBXFileReference; explicitFileType = wrapper.application; includeInIndex = 0; path = CIT342V3.app; sourceTree = BUILT_PRODUCTS_DIR; };
		16938D53152254B90051666C /* UIKit.framework */ = {isa = PBXFileReference; lastKnownFileType = wrapper.framework; name = UIKit.framework; path = System/Library/Frameworks/UIKit.framework; sourceTree = SDKROOT; };
		16938D55152254B90051666C /* Foundation.framework */ = {isa = PBXFileReference; lastKnownFileType = wrapper.framework; name = Foundation.framework; path = System/Library/Frameworks/Foundation.framework; sourceTree = SDKROOT; };
		16938D57152254B90051666C /* CoreGraphics.framework */ = {isa = PBXFileReference; lastKnownFileType = wrapper.framework; name = CoreGraphics.framework; path = System/Library/Frameworks/CoreGraphics.framework; sourceTree = SDKROOT; };
		16938D5B152254B90051666C /* CIT342V3-Info.plist */ = {isa = PBXFileReference; lastKnownFileType = text.plist.xml; path = "CIT342V3-Info.plist"; sourceTree = "<group>"; };
		16938D5D152254B90051666C /* en */ = {isa = PBXFileReference; lastKnownFileType = text.plist.strings; name = en; path = en.lproj/InfoPlist.strings; sourceTree = "<group>"; };
		16938D5F152254B90051666C /* main.m */ = {isa = PBXFileReference; lastKnownFileType = sourcecode.c.objc; path = main.m; sourceTree = "<group>"; };
		16938D61152254B90051666C /* CIT342V3-Prefix.pch */ = {isa = PBXFileReference; lastKnownFileType = sourcecode.c.h; path = "CIT342V3-Prefix.pch"; sourceTree = "<group>"; };
		16938D62152254B90051666C /* APPAppDelegate.h */ = {isa = PBXFileReference; lastKnownFileType = sourcecode.c.h; path = APPAppDelegate.h; sourceTree = "<group>"; };
		16938D63152254B90051666C /* APPAppDelegate.m */ = {isa = PBXFileReference; lastKnownFileType = sourcecode.c.objc; path = APPAppDelegate.m; sourceTree = "<group>"; };
		16938D66152254B90051666C /* en */ = {isa = PBXFileReference; lastKnownFileType = file.storyboard; name = en; path = en.lproj/MainStoryboard.storyboard; sourceTree = "<group>"; };
		16938D68152254B90051666C /* APPViewController.h */ = {isa = PBXFileReference; lastKnownFileType = sourcecode.c.h; path = APPViewController.h; sourceTree = "<group>"; };
		16938D69152254B90051666C /* APPViewController.m */ = {isa = PBXFileReference; lastKnownFileType = sourcecode.c.objc; path = APPViewController.m; sourceTree = "<group>"; };
		16938D70152254B90051666C /* CIT342V3Tests.octest */ = {isa = PBXFileReference; explicitFileType = wrapper.cfbundle; includeInIndex = 0; path = CIT342V3Tests.octest; sourceTree = BUILT_PRODUCTS_DIR; };
		16938D71152254B90051666C /* SenTestingKit.framework */ = {isa = PBXFileReference; lastKnownFileType = wrapper.framework; name = SenTestingKit.framework; path = Library/Frameworks/SenTestingKit.framework; sourceTree = DEVELOPER_DIR; };
		16938D79152254B90051666C /* CIT342V3Tests-Info.plist */ = {isa = PBXFileReference; lastKnownFileType = text.plist.xml; path = "CIT342V3Tests-Info.plist"; sourceTree = "<group>"; };
		16938D7B152254B90051666C /* en */ = {isa = PBXFileReference; lastKnownFileType = text.plist.strings; name = en; path = en.lproj/InfoPlist.strings; sourceTree = "<group>"; };
		16938D7D152254B90051666C /* CIT342V3Tests.h */ = {isa = PBXFileReference; lastKnownFileType = sourcecode.c.h; path = CIT342V3Tests.h; sourceTree = "<group>"; };
		16938D7E152254B90051666C /* CIT342V3Tests.m */ = {isa = PBXFileReference; lastKnownFileType = sourcecode.c.objc; path = CIT342V3Tests.m; sourceTree = "<group>"; };
/* End PBXFileReference section */

/* Begin PBXFrameworksBuildPhase section */
		16938D4C152254B90051666C /* Frameworks */ = {
			isa = PBXFrameworksBuildPhase;
			buildActionMask = 2147483647;
			files = (
				16938D54152254B90051666C /* UIKit.framework in Frameworks */,
				16938D56152254B90051666C /* Foundation.framework in Frameworks */,
				16938D58152254B90051666C /* CoreGraphics.framework in Frameworks */,
			);
			runOnlyForDeploymentPostprocessing = 0;
		};
		16938D6C152254B90051666C /* Frameworks */ = {
			isa = PBXFrameworksBuildPhase;
			buildActionMask = 2147483647;
			files = (
				16938D72152254B90051666C /* SenTestingKit.framework in Frameworks */,
				16938D73152254B90051666C /* UIKit.framework in Frameworks */,
				16938D74152254B90051666C /* Foundation.framework in Frameworks */,
			);
			runOnlyForDeploymentPostprocessing = 0;
		};
/* End PBXFrameworksBuildPhase section */

/* Begin PBXGroup section */
		16938D44152254B90051666C = {
			isa = PBXGroup;
			children = (
				16938D59152254B90051666C /* CIT342V3 */,
				16938D77152254B90051666C /* CIT342V3Tests */,
				16938D52152254B90051666C /* Frameworks */,
				16938D50152254B90051666C /* Products */,
			);
			sourceTree = "<group>";
		};
		16938D50152254B90051666C /* Products */ = {
			isa = PBXGroup;
			children = (
				16938D4F152254B90051666C /* CIT342V3.app */,
				16938D70152254B90051666C /* CIT342V3Tests.octest */,
			);
			name = Products;
			sourceTree = "<group>";
		};
		16938D52152254B90051666C /* Frameworks */ = {
			isa = PBXGroup;
			children = (
				16938D53152254B90051666C /* UIKit.framework */,
				16938D55152254B90051666C /* Foundation.framework */,
				16938D57152254B90051666C /* CoreGraphics.framework */,
				16938D71152254B90051666C /* SenTestingKit.framework */,
			);
			name = Frameworks;
			sourceTree = "<group>";
		};
		16938D59152254B90051666C /* CIT342V3 */ = {
			isa = PBXGroup;
			children = (
				16938D62152254B90051666C /* APPAppDelegate.h */,
				16938D63152254B90051666C /* APPAppDelegate.m */,
				16938D65152254B90051666C /* MainStoryboard.storyboard */,
				16938D68152254B90051666C /* APPViewController.h */,
				16938D69152254B90051666C /* APPViewController.m */,
				16938D5A152254B90051666C /* Supporting Files */,
			);
			path = CIT342V3;
			sourceTree = "<group>";
		};
		16938D5A152254B90051666C /* Supporting Files */ = {
			isa = PBXGroup;
			children = (
				16938D5B152254B90051666C /* CIT342V3-Info.plist */,
				16938D5C152254B90051666C /* InfoPlist.strings */,
				16938D5F152254B90051666C /* main.m */,
				16938D61152254B90051666C /* CIT342V3-Prefix.pch */,
			);
			name = "Supporting Files";
			sourceTree = "<group>";
		};
		16938D77152254B90051666C /* CIT342V3Tests */ = {
			isa = PBXGroup;
			children = (
				16938D7D152254B90051666C /* CIT342V3Tests.h */,
				16938D7E152254B90051666C /* CIT342V3Tests.m */,
				16938D78152254B90051666C /* Supporting Files */,
			);
			path = CIT342V3Tests;
			sourceTree = "<group>";
		};
		16938D78152254B90051666C /* Supporting Files */ = {
			isa = PBXGroup;
			children = (
				16938D79152254B90051666C /* CIT342V3Tests-Info.plist */,
				16938D7A152254B90051666C /* InfoPlist.strings */,
			);
			name = "Supporting Files";
			sourceTree = "<group>";
		};
/* End PBXGroup section */

/* Begin PBXNativeTarget section */
		16938D4E152254B90051666C /* CIT342V3 */ = {
			isa = PBXNativeTarget;
			buildConfigurationList = 16938D82152254B90051666C /* Build configuration list for PBXNativeTarget "CIT342V3" */;
			buildPhases = (
				16938D4B152254B90051666C /* Sources */,
				16938D4C152254B90051666C /* Frameworks */,
				16938D4D152254B90051666C /* Resources */,
			);
			buildRules = (
			);
			dependencies = (
			);
			name = CIT342V3;
			productName = CIT342V3;
			productReference = 16938D4F152254B90051666C /* CIT342V3.app */;
			productType = "com.apple.product-type.application";
		};
		16938D6F152254B90051666C /* CIT342V3Tests */ = {
			isa = PBXNativeTarget;
			buildConfigurationList = 16938D85152254B90051666C /* Build configuration list for PBXNativeTarget "CIT342V3Tests" */;
			buildPhases = (
				16938D6B152254B90051666C /* Sources */,
				16938D6C152254B90051666C /* Frameworks */,
				16938D6D152254B90051666C /* Resources */,
				16938D6E152254B90051666C /* ShellScript */,
			);
			buildRules = (
			);
			dependencies = (
				16938D76152254B90051666C /* PBXTargetDependency */,
			);
			name = CIT342V3Tests;
			productName = CIT342V3Tests;
			productReference = 16938D70152254B90051666C /* CIT342V3Tests.octest */;
			productType = "com.apple.product-type.bundle";
		};
/* End PBXNativeTarget section */

/* Begin PBXProject section */
		16938D46152254B90051666C /* Project object */ = {
			isa = PBXProject;
			attributes = {
				LastUpgradeCheck = 0420;
			};
			buildConfigurationList = 16938D49152254B90051666C /* Build configuration list for PBXProject "CIT342V3" */;
			compatibilityVersion = "Xcode 3.2";
			developmentRegion = English;
			hasScannedForEncodings = 0;
			knownRegions = (
				en,
			);
			mainGroup = 16938D44152254B90051666C;
			productRefGroup = 16938D50152254B90051666C /* Products */;
			projectDirPath = "";
			projectRoot = "";
			targets = (
				16938D4E152254B90051666C /* CIT342V3 */,
				16938D6F152254B90051666C /* CIT342V3Tests */,
			);
		};
/* End PBXProject section */

/* Begin PBXResourcesBuildPhase section */
		16938D4D152254B90051666C /* Resources */ = {
			isa = PBXResourcesBuildPhase;
			buildActionMask = 2147483647;
			files = (
				16938D5E152254B90051666C /* InfoPlist.strings in Resources */,
				16938D67152254B90051666C /* MainStoryboard.storyboard in Resources */,
			);
			runOnlyForDeploymentPostprocessing = 0;
		};
		16938D6D152254B90051666C /* Resources */ = {
			isa = PBXResourcesBuildPhase;
			buildActionMask = 2147483647;
			files = (
				16938D7C152254B90051666C /* InfoPlist.strings in Resources */,
			);
			runOnlyForDeploymentPostprocessing = 0;
		};
/* End PBXResourcesBuildPhase section */

/* Begin PBXShellScriptBuildPhase section */
		16938D6E152254B90051666C /* ShellScript */ = {
			isa = PBXShellScriptBuildPhase;
			buildActionMask = 2147483647;
			files = (
			);
			inputPaths = (
			);
			outputPaths = (
			);
			runOnlyForDeploymentPostprocessing = 0;
			shellPath = /bin/sh;
			shellScript = "# Run the unit tests in this test bundle.\n\"${SYSTEM_DEVELOPER_DIR}/Tools/RunUnitTests\"\n";
		};
/* End PBXShellScriptBuildPhase section */

/* Begin PBXSourcesBuildPhase section */
		16938D4B152254B90051666C /* Sources */ = {
			isa = PBXSourcesBuildPhase;
			buildActionMask = 2147483647;
			files = (
				16938D60152254B90051666C /* main.m in Sources */,
				16938D64152254B90051666C /* APPAppDelegate.m in Sources */,
				16938D6A152254B90051666C /* APPViewController.m in Sources */,
			);
			runOnlyForDeploymentPostprocessing = 0;
		};
		16938D6B152254B90051666C /* Sources */ = {
			isa = PBXSourcesBuildPhase;
			buildActionMask = 2147483647;
			files = (
				16938D7F152254B90051666C /* CIT342V3Tests.m in Sources */,
			);
			runOnlyForDeploymentPostprocessing = 0;
		};
/* End PBXSourcesBuildPhase section */

/* Begin PBXTargetDependency section */
		16938D76152254B90051666C /* PBXTargetDependency */ = {
			isa = PBXTargetDependency;
			target = 16938D4E152254B90051666C /* CIT342V3 */;
			targetProxy = 16938D75152254B90051666C /* PBXContainerItemProxy */;
		};
/* End PBXTargetDependency section */

/* Begin PBXVariantGroup section */
		16938D5C152254B90051666C /* InfoPlist.strings */ = {
			isa = PBXVariantGroup;
			children = (
				16938D5D152254B90051666C /* en */,
			);
			name = InfoPlist.strings;
			sourceTree = "<group>";
		};
		16938D65152254B90051666C /* MainStoryboard.storyboard */ = {
			isa = PBXVariantGroup;
			children = (
				16938D66152254B90051666C /* en */,
			);
			name = MainStoryboard.storyboard;
			sourceTree = "<group>";
		};
		16938D7A152254B90051666C /* InfoPlist.strings */ = {
			isa = PBXVariantGroup;
			children = (
				16938D7B152254B90051666C /* en */,
			);
			name = InfoPlist.strings;
			sourceTree = "<group>";
		};
/* End PBXVariantGroup section */

/* Begin XCBuildConfiguration section */
		16938D80152254B90051666C /* Debug */ = {
			isa = XCBuildConfiguration;
			buildSettings = {
				ALWAYS_SEARCH_USER_PATHS = NO;
				ARCHS = "$(ARCHS_STANDARD_32_BIT)";
				CLANG_ENABLE_OBJC_ARC = YES;
				"CODE_SIGN_IDENTITY[sdk=iphoneos*]" = "iPhone Developer";
				COPY_PHASE_STRIP = NO;
				GCC_C_LANGUAGE_STANDARD = gnu99;
				GCC_DYNAMIC_NO_PIC = NO;
				GCC_OPTIMIZATION_LEVEL = 0;
				GCC_PREPROCESSOR_DEFINITIONS = (
					"DEBUG=1",
					"$(inherited)",
				);
				GCC_SYMBOLS_PRIVATE_EXTERN = NO;
				GCC_VERSION = com.apple.compilers.llvm.clang.1_0;
				GCC_WARN_ABOUT_MISSING_PROTOTYPES = YES;
				GCC_WARN_ABOUT_RETURN_TYPE = YES;
				GCC_WARN_UNUSED_VARIABLE = YES;
				IPHONEOS_DEPLOYMENT_TARGET = 5.0;
				SDKROOT = iphoneos;
			};
			name = Debug;
		};
		16938D81152254B90051666C /* Release */ = {
			isa = XCBuildConfiguration;
			buildSettings = {
				ALWAYS_SEARCH_USER_PATHS = NO;
				ARCHS = "$(ARCHS_STANDARD_32_BIT)";
				CLANG_ENABLE_OBJC_ARC = YES;
				"CODE_SIGN_IDENTITY[sdk=iphoneos*]" = "iPhone Developer";
				COPY_PHASE_STRIP = YES;
				GCC_C_LANGUAGE_STANDARD = gnu99;
				GCC_VERSION = com.apple.compilers.llvm.clang.1_0;
				GCC_WARN_ABOUT_MISSING_PROTOTYPES = YES;
				GCC_WARN_ABOUT_RETURN_TYPE = YES;
				GCC_WARN_UNUSED_VARIABLE = YES;
				IPHONEOS_DEPLOYMENT_TARGET = 5.0;
				OTHER_CFLAGS = "-DNS_BLOCK_ASSERTIONS=1";
				SDKROOT = iphoneos;
				VALIDATE_PRODUCT = YES;
			};
			name = Release;
		};
		16938D83152254B90051666C /* Debug */ = {
			isa = XCBuildConfiguration;
			buildSettings = {
				GCC_PRECOMPILE_PREFIX_HEADER = YES;
				GCC_PREFIX_HEADER = "CIT342V3/CIT342V3-Prefix.pch";
				INFOPLIST_FILE = "CIT342V3/CIT342V3-Info.plist";
				PRODUCT_NAME = "$(TARGET_NAME)";
				WRAPPER_EXTENSION = app;
			};
			name = Debug;
		};
		16938D84152254B90051666C /* Release */ = {
			isa = XCBuildConfiguration;
			buildSettings = {
				GCC_PRECOMPILE_PREFIX_HEADER = YES;
				GCC_PREFIX_HEADER = "CIT342V3/CIT342V3-Prefix.pch";
				INFOPLIST_FILE = "CIT342V3/CIT342V3-Info.plist";
				PRODUCT_NAME = "$(TARGET_NAME)";
				WRAPPER_EXTENSION = app;
			};
			name = Release;
		};
		16938D86152254B90051666C /* Debug */ = {
			isa = XCBuildConfiguration;
			buildSettings = {
				BUNDLE_LOADER = "$(BUILT_PRODUCTS_DIR)/CIT342V3.app/CIT342V3";
				FRAMEWORK_SEARCH_PATHS = (
					"$(SDKROOT)/Developer/Library/Frameworks",
					"$(DEVELOPER_LIBRARY_DIR)/Frameworks",
				);
				GCC_PRECOMPILE_PREFIX_HEADER = YES;
				GCC_PREFIX_HEADER = "CIT342V3/CIT342V3-Prefix.pch";
				INFOPLIST_FILE = "CIT342V3Tests/CIT342V3Tests-Info.plist";
				PRODUCT_NAME = "$(TARGET_NAME)";
				TEST_HOST = "$(BUNDLE_LOADER)";
				WRAPPER_EXTENSION = octest;
			};
			name = Debug;
		};
		16938D87152254B90051666C /* Release */ = {
			isa = XCBuildConfiguration;
			buildSettings = {
				BUNDLE_LOADER = "$(BUILT_PRODUCTS_DIR)/CIT342V3.app/CIT342V3";
				FRAMEWORK_SEARCH_PATHS = (
					"$(SDKROOT)/Developer/Library/Frameworks",
					"$(DEVELOPER_LIBRARY_DIR)/Frameworks",
				);
				GCC_PRECOMPILE_PREFIX_HEADER = YES;
				GCC_PREFIX_HEADER = "CIT342V3/CIT342V3-Prefix.pch";
				INFOPLIST_FILE = "CIT342V3Tests/CIT342V3Tests-Info.plist";
				PRODUCT_NAME = "$(TARGET_NAME)";
				TEST_HOST = "$(BUNDLE_LOADER)";
				WRAPPER_EXTENSION = octest;
			};
			name = Release;
		};
/* End XCBuildConfiguration section */

/* Begin XCConfigurationList section */
		16938D49152254B90051666C /* Build configuration list for PBXProject "CIT342V3" */ = {
			isa = XCConfigurationList;
			buildConfigurations = (
				16938D80152254B90051666C /* Debug */,
				16938D81152254B90051666C /* Release */,
			);
			defaultConfigurationIsVisible = 0;
			defaultConfigurationName = Release;
		};
		16938D82152254B90051666C /* Build configuration list for PBXNativeTarget "CIT342V3" */ = {
			isa = XCConfigurationList;
			buildConfigurations = (
				16938D83152254B90051666C /* Debug */,
				16938D84152254B90051666C /* Release */,
			);
			defaultConfigurationIsVisible = 0;
		};
		16938D85152254B90051666C /* Build configuration list for PBXNativeTarget "CIT342V3Tests" */ = {
			isa = XCConfigurationList;
			buildConfigurations = (
				16938D86152254B90051666C /* Debug */,
				16938D87152254B90051666C /* Release */,
			);
			defaultConfigurationIsVisible = 0;
		};
/* End XCConfigurationList section */
	};
	rootObject = 16938D46152254B90051666C /* Project object */;
}
