// !$*UTF8*$!
{
	archiveVersion = 1;
	classes = {
	};
	objectVersion = 46;
	objects = {

/* Begin PBXBuildFile section */
		16590AD8152357B700AD9462 /* UIKit.framework in Frameworks */ = {isa = PBXBuildFile; fileRef = 16590AD7152357B700AD9462 /* UIKit.framework */; };
		16590ADA152357B700AD9462 /* Foundation.framework in Frameworks */ = {isa = PBXBuildFile; fileRef = 16590AD9152357B700AD9462 /* Foundation.framework */; };
		16590ADC152357B700AD9462 /* CoreGraphics.framework in Frameworks */ = {isa = PBXBuildFile; fileRef = 16590ADB152357B700AD9462 /* CoreGraphics.framework */; };
		16590AE2152357B700AD9462 /* InfoPlist.strings in Resources */ = {isa = PBXBuildFile; fileRef = 16590AE0152357B700AD9462 /* InfoPlist.strings */; };
		16590AE4152357B700AD9462 /* main.m in Sources */ = {isa = PBXBuildFile; fileRef = 16590AE3152357B700AD9462 /* main.m */; };
		16590AE8152357B700AD9462 /* APPAppDelegate.m in Sources */ = {isa = PBXBuildFile; fileRef = 16590AE7152357B700AD9462 /* APPAppDelegate.m */; };
		16590AEB152357B700AD9462 /* MainStoryboard.storyboard in Resources */ = {isa = PBXBuildFile; fileRef = 16590AE9152357B700AD9462 /* MainStoryboard.storyboard */; };
		16590AEE152357B700AD9462 /* APPViewController.m in Sources */ = {isa = PBXBuildFile; fileRef = 16590AED152357B700AD9462 /* APPViewController.m */; };
		16590AF6152357B700AD9462 /* SenTestingKit.framework in Frameworks */ = {isa = PBXBuildFile; fileRef = 16590AF5152357B700AD9462 /* SenTestingKit.framework */; };
		16590AF7152357B700AD9462 /* UIKit.framework in Frameworks */ = {isa = PBXBuildFile; fileRef = 16590AD7152357B700AD9462 /* UIKit.framework */; };
		16590AF8152357B700AD9462 /* Foundation.framework in Frameworks */ = {isa = PBXBuildFile; fileRef = 16590AD9152357B700AD9462 /* Foundation.framework */; };
		16590B00152357B700AD9462 /* InfoPlist.strings in Resources */ = {isa = PBXBuildFile; fileRef = 16590AFE152357B700AD9462 /* InfoPlist.strings */; };
		16590B03152357B700AD9462 /* SayHelloTests.m in Sources */ = {isa = PBXBuildFile; fileRef = 16590B02152357B700AD9462 /* SayHelloTests.m */; };
/* End PBXBuildFile section */

/* Begin PBXContainerItemProxy section */
		16590AF9152357B700AD9462 /* PBXContainerItemProxy */ = {
			isa = PBXContainerItemProxy;
			containerPortal = 16590ACA152357B700AD9462 /* Project object */;
			proxyType = 1;
			remoteGlobalIDString = 16590AD2152357B700AD9462;
			remoteInfo = SayHello;
		};
/* End PBXContainerItemProxy section */

/* Begin PBXFileReference section */
		16590AD3152357B700AD9462 /* SayHello.app */ = {isa = PBXFileReference; explicitFileType = wrapper.application; includeInIndex = 0; path = SayHello.app; sourceTree = BUILT_PRODUCTS_DIR; };
		16590AD7152357B700AD9462 /* UIKit.framework */ = {isa = PBXFileReference; lastKnownFileType = wrapper.framework; name = UIKit.framework; path = System/Library/Frameworks/UIKit.framework; sourceTree = SDKROOT; };
		16590AD9152357B700AD9462 /* Foundation.framework */ = {isa = PBXFileReference; lastKnownFileType = wrapper.framework; name = Foundation.framework; path = System/Library/Frameworks/Foundation.framework; sourceTree = SDKROOT; };
		16590ADB152357B700AD9462 /* CoreGraphics.framework */ = {isa = PBXFileReference; lastKnownFileType = wrapper.framework; name = CoreGraphics.framework; path = System/Library/Frameworks/CoreGraphics.framework; sourceTree = SDKROOT; };
		16590ADF152357B700AD9462 /* SayHello-Info.plist */ = {isa = PBXFileReference; lastKnownFileType = text.plist.xml; path = "SayHello-Info.plist"; sourceTree = "<group>"; };
		16590AE1152357B700AD9462 /* en */ = {isa = PBXFileReference; lastKnownFileType = text.plist.strings; name = en; path = en.lproj/InfoPlist.strings; sourceTree = "<group>"; };
		16590AE3152357B700AD9462 /* main.m */ = {isa = PBXFileReference; lastKnownFileType = sourcecode.c.objc; path = main.m; sourceTree = "<group>"; };
		16590AE5152357B700AD9462 /* SayHello-Prefix.pch */ = {isa = PBXFileReference; lastKnownFileType = sourcecode.c.h; path = "SayHello-Prefix.pch"; sourceTree = "<group>"; };
		16590AE6152357B700AD9462 /* APPAppDelegate.h */ = {isa = PBXFileReference; lastKnownFileType = sourcecode.c.h; path = APPAppDelegate.h; sourceTree = "<group>"; };
		16590AE7152357B700AD9462 /* APPAppDelegate.m */ = {isa = PBXFileReference; lastKnownFileType = sourcecode.c.objc; path = APPAppDelegate.m; sourceTree = "<group>"; };
		16590AEA152357B700AD9462 /* en */ = {isa = PBXFileReference; lastKnownFileType = file.storyboard; name = en; path = en.lproj/MainStoryboard.storyboard; sourceTree = "<group>"; };
		16590AEC152357B700AD9462 /* APPViewController.h */ = {isa = PBXFileReference; lastKnownFileType = sourcecode.c.h; path = APPViewController.h; sourceTree = "<group>"; };
		16590AED152357B700AD9462 /* APPViewController.m */ = {isa = PBXFileReference; lastKnownFileType = sourcecode.c.objc; path = APPViewController.m; sourceTree = "<group>"; };
		16590AF4152357B700AD9462 /* SayHelloTests.octest */ = {isa = PBXFileReference; explicitFileType = wrapper.cfbundle; includeInIndex = 0; path = SayHelloTests.octest; sourceTree = BUILT_PRODUCTS_DIR; };
		16590AF5152357B700AD9462 /* SenTestingKit.framework */ = {isa = PBXFileReference; lastKnownFileType = wrapper.framework; name = SenTestingKit.framework; path = Library/Frameworks/SenTestingKit.framework; sourceTree = DEVELOPER_DIR; };
		16590AFD152357B700AD9462 /* SayHelloTests-Info.plist */ = {isa = PBXFileReference; lastKnownFileType = text.plist.xml; path = "SayHelloTests-Info.plist"; sourceTree = "<group>"; };
		16590AFF152357B700AD9462 /* en */ = {isa = PBXFileReference; lastKnownFileType = text.plist.strings; name = en; path = en.lproj/InfoPlist.strings; sourceTree = "<group>"; };
		16590B01152357B700AD9462 /* SayHelloTests.h */ = {isa = PBXFileReference; lastKnownFileType = sourcecode.c.h; path = SayHelloTests.h; sourceTree = "<group>"; };
		16590B02152357B700AD9462 /* SayHelloTests.m */ = {isa = PBXFileReference; lastKnownFileType = sourcecode.c.objc; path = SayHelloTests.m; sourceTree = "<group>"; };
/* End PBXFileReference section */

/* Begin PBXFrameworksBuildPhase section */
		16590AD0152357B700AD9462 /* Frameworks */ = {
			isa = PBXFrameworksBuildPhase;
			buildActionMask = 2147483647;
			files = (
				16590AD8152357B700AD9462 /* UIKit.framework in Frameworks */,
				16590ADA152357B700AD9462 /* Foundation.framework in Frameworks */,
				16590ADC152357B700AD9462 /* CoreGraphics.framework in Frameworks */,
			);
			runOnlyForDeploymentPostprocessing = 0;
		};
		16590AF0152357B700AD9462 /* Frameworks */ = {
			isa = PBXFrameworksBuildPhase;
			buildActionMask = 2147483647;
			files = (
				16590AF6152357B700AD9462 /* SenTestingKit.framework in Frameworks */,
				16590AF7152357B700AD9462 /* UIKit.framework in Frameworks */,
				16590AF8152357B700AD9462 /* Foundation.framework in Frameworks */,
			);
			runOnlyForDeploymentPostprocessing = 0;
		};
/* End PBXFrameworksBuildPhase section */

/* Begin PBXGroup section */
		16590AC8152357B700AD9462 = {
			isa = PBXGroup;
			children = (
				16590ADD152357B700AD9462 /* SayHello */,
				16590AFB152357B700AD9462 /* SayHelloTests */,
				16590AD6152357B700AD9462 /* Frameworks */,
				16590AD4152357B700AD9462 /* Products */,
			);
			sourceTree = "<group>";
		};
		16590AD4152357B700AD9462 /* Products */ = {
			isa = PBXGroup;
			children = (
				16590AD3152357B700AD9462 /* SayHello.app */,
				16590AF4152357B700AD9462 /* SayHelloTests.octest */,
			);
			name = Products;
			sourceTree = "<group>";
		};
		16590AD6152357B700AD9462 /* Frameworks */ = {
			isa = PBXGroup;
			children = (
				16590AD7152357B700AD9462 /* UIKit.framework */,
				16590AD9152357B700AD9462 /* Foundation.framework */,
				16590ADB152357B700AD9462 /* CoreGraphics.framework */,
				16590AF5152357B700AD9462 /* SenTestingKit.framework */,
			);
			name = Frameworks;
			sourceTree = "<group>";
		};
		16590ADD152357B700AD9462 /* SayHello */ = {
			isa = PBXGroup;
			children = (
				16590AE6152357B700AD9462 /* APPAppDelegate.h */,
				16590AE7152357B700AD9462 /* APPAppDelegate.m */,
				16590AE9152357B700AD9462 /* MainStoryboard.storyboard */,
				16590AEC152357B700AD9462 /* APPViewController.h */,
				16590AED152357B700AD9462 /* APPViewController.m */,
				16590ADE152357B700AD9462 /* Supporting Files */,
			);
			path = SayHello;
			sourceTree = "<group>";
		};
		16590ADE152357B700AD9462 /* Supporting Files */ = {
			isa = PBXGroup;
			children = (
				16590ADF152357B700AD9462 /* SayHello-Info.plist */,
				16590AE0152357B700AD9462 /* InfoPlist.strings */,
				16590AE3152357B700AD9462 /* main.m */,
				16590AE5152357B700AD9462 /* SayHello-Prefix.pch */,
			);
			name = "Supporting Files";
			sourceTree = "<group>";
		};
		16590AFB152357B700AD9462 /* SayHelloTests */ = {
			isa = PBXGroup;
			children = (
				16590B01152357B700AD9462 /* SayHelloTests.h */,
				16590B02152357B700AD9462 /* SayHelloTests.m */,
				16590AFC152357B700AD9462 /* Supporting Files */,
			);
			path = SayHelloTests;
			sourceTree = "<group>";
		};
		16590AFC152357B700AD9462 /* Supporting Files */ = {
			isa = PBXGroup;
			children = (
				16590AFD152357B700AD9462 /* SayHelloTests-Info.plist */,
				16590AFE152357B700AD9462 /* InfoPlist.strings */,
			);
			name = "Supporting Files";
			sourceTree = "<group>";
		};
/* End PBXGroup section */

/* Begin PBXNativeTarget section */
		16590AD2152357B700AD9462 /* SayHello */ = {
			isa = PBXNativeTarget;
			buildConfigurationList = 16590B06152357B700AD9462 /* Build configuration list for PBXNativeTarget "SayHello" */;
			buildPhases = (
				16590ACF152357B700AD9462 /* Sources */,
				16590AD0152357B700AD9462 /* Frameworks */,
				16590AD1152357B700AD9462 /* Resources */,
			);
			buildRules = (
			);
			dependencies = (
			);
			name = SayHello;
			productName = SayHello;
			productReference = 16590AD3152357B700AD9462 /* SayHello.app */;
			productType = "com.apple.product-type.application";
		};
		16590AF3152357B700AD9462 /* SayHelloTests */ = {
			isa = PBXNativeTarget;
			buildConfigurationList = 16590B09152357B700AD9462 /* Build configuration list for PBXNativeTarget "SayHelloTests" */;
			buildPhases = (
				16590AEF152357B700AD9462 /* Sources */,
				16590AF0152357B700AD9462 /* Frameworks */,
				16590AF1152357B700AD9462 /* Resources */,
				16590AF2152357B700AD9462 /* ShellScript */,
			);
			buildRules = (
			);
			dependencies = (
				16590AFA152357B700AD9462 /* PBXTargetDependency */,
			);
			name = SayHelloTests;
			productName = SayHelloTests;
			productReference = 16590AF4152357B700AD9462 /* SayHelloTests.octest */;
			productType = "com.apple.product-type.bundle";
		};
/* End PBXNativeTarget section */

/* Begin PBXProject section */
		16590ACA152357B700AD9462 /* Project object */ = {
			isa = PBXProject;
			attributes = {
				LastUpgradeCheck = 0420;
			};
			buildConfigurationList = 16590ACD152357B700AD9462 /* Build configuration list for PBXProject "SayHello" */;
			compatibilityVersion = "Xcode 3.2";
			developmentRegion = English;
			hasScannedForEncodings = 0;
			knownRegions = (
				en,
			);
			mainGroup = 16590AC8152357B700AD9462;
			productRefGroup = 16590AD4152357B700AD9462 /* Products */;
			projectDirPath = "";
			projectRoot = "";
			targets = (
				16590AD2152357B700AD9462 /* SayHello */,
				16590AF3152357B700AD9462 /* SayHelloTests */,
			);
		};
/* End PBXProject section */

/* Begin PBXResourcesBuildPhase section */
		16590AD1152357B700AD9462 /* Resources */ = {
			isa = PBXResourcesBuildPhase;
			buildActionMask = 2147483647;
			files = (
				16590AE2152357B700AD9462 /* InfoPlist.strings in Resources */,
				16590AEB152357B700AD9462 /* MainStoryboard.storyboard in Resources */,
			);
			runOnlyForDeploymentPostprocessing = 0;
		};
		16590AF1152357B700AD9462 /* Resources */ = {
			isa = PBXResourcesBuildPhase;
			buildActionMask = 2147483647;
			files = (
				16590B00152357B700AD9462 /* InfoPlist.strings in Resources */,
			);
			runOnlyForDeploymentPostprocessing = 0;
		};
/* End PBXResourcesBuildPhase section */

/* Begin PBXShellScriptBuildPhase section */
		16590AF2152357B700AD9462 /* ShellScript */ = {
			isa = PBXShellScriptBuildPhase;
			buildActionMask = 2147483647;
			files = (
			);
			inputPaths = (
			);
			outputPaths = (
			);
			runOnlyForDeploymentPostprocessing = 0;
			shellPath = /bin/sh;
			shellScript = "# Run the unit tests in this test bundle.\n\"${SYSTEM_DEVELOPER_DIR}/Tools/RunUnitTests\"\n";
		};
/* End PBXShellScriptBuildPhase section */

/* Begin PBXSourcesBuildPhase section */
		16590ACF152357B700AD9462 /* Sources */ = {
			isa = PBXSourcesBuildPhase;
			buildActionMask = 2147483647;
			files = (
				16590AE4152357B700AD9462 /* main.m in Sources */,
				16590AE8152357B700AD9462 /* APPAppDelegate.m in Sources */,
				16590AEE152357B700AD9462 /* APPViewController.m in Sources */,
			);
			runOnlyForDeploymentPostprocessing = 0;
		};
		16590AEF152357B700AD9462 /* Sources */ = {
			isa = PBXSourcesBuildPhase;
			buildActionMask = 2147483647;
			files = (
				16590B03152357B700AD9462 /* SayHelloTests.m in Sources */,
			);
			runOnlyForDeploymentPostprocessing = 0;
		};
/* End PBXSourcesBuildPhase section */

/* Begin PBXTargetDependency section */
		16590AFA152357B700AD9462 /* PBXTargetDependency */ = {
			isa = PBXTargetDependency;
			target = 16590AD2152357B700AD9462 /* SayHello */;
			targetProxy = 16590AF9152357B700AD9462 /* PBXContainerItemProxy */;
		};
/* End PBXTargetDependency section */

/* Begin PBXVariantGroup section */
		16590AE0152357B700AD9462 /* InfoPlist.strings */ = {
			isa = PBXVariantGroup;
			children = (
				16590AE1152357B700AD9462 /* en */,
			);
			name = InfoPlist.strings;
			sourceTree = "<group>";
		};
		16590AE9152357B700AD9462 /* MainStoryboard.storyboard */ = {
			isa = PBXVariantGroup;
			children = (
				16590AEA152357B700AD9462 /* en */,
			);
			name = MainStoryboard.storyboard;
			sourceTree = "<group>";
		};
		16590AFE152357B700AD9462 /* InfoPlist.strings */ = {
			isa = PBXVariantGroup;
			children = (
				16590AFF152357B700AD9462 /* en */,
			);
			name = InfoPlist.strings;
			sourceTree = "<group>";
		};
/* End PBXVariantGroup section */

/* Begin XCBuildConfiguration section */
		16590B04152357B700AD9462 /* Debug */ = {
			isa = XCBuildConfiguration;
			buildSettings = {
				ALWAYS_SEARCH_USER_PATHS = NO;
				ARCHS = "$(ARCHS_STANDARD_32_BIT)";
				CLANG_ENABLE_OBJC_ARC = YES;
				"CODE_SIGN_IDENTITY[sdk=iphoneos*]" = "iPhone Developer";
				COPY_PHASE_STRIP = NO;
				GCC_C_LANGUAGE_STANDARD = gnu99;
				GCC_DYNAMIC_NO_PIC = NO;
				GCC_OPTIMIZATION_LEVEL = 0;
				GCC_PREPROCESSOR_DEFINITIONS = (
					"DEBUG=1",
					"$(inherited)",
				);
				GCC_SYMBOLS_PRIVATE_EXTERN = NO;
				GCC_VERSION = com.apple.compilers.llvm.clang.1_0;
				GCC_WARN_ABOUT_MISSING_PROTOTYPES = YES;
				GCC_WARN_ABOUT_RETURN_TYPE = YES;
				GCC_WARN_UNUSED_VARIABLE = YES;
				IPHONEOS_DEPLOYMENT_TARGET = 5.0;
				SDKROOT = iphoneos;
			};
			name = Debug;
		};
		16590B05152357B700AD9462 /* Release */ = {
			isa = XCBuildConfiguration;
			buildSettings = {
				ALWAYS_SEARCH_USER_PATHS = NO;
				ARCHS = "$(ARCHS_STANDARD_32_BIT)";
				CLANG_ENABLE_OBJC_ARC = YES;
				"CODE_SIGN_IDENTITY[sdk=iphoneos*]" = "iPhone Developer";
				COPY_PHASE_STRIP = YES;
				GCC_C_LANGUAGE_STANDARD = gnu99;
				GCC_VERSION = com.apple.compilers.llvm.clang.1_0;
				GCC_WARN_ABOUT_MISSING_PROTOTYPES = YES;
				GCC_WARN_ABOUT_RETURN_TYPE = YES;
				GCC_WARN_UNUSED_VARIABLE = YES;
				IPHONEOS_DEPLOYMENT_TARGET = 5.0;
				OTHER_CFLAGS = "-DNS_BLOCK_ASSERTIONS=1";
				SDKROOT = iphoneos;
				VALIDATE_PRODUCT = YES;
			};
			name = Release;
		};
		16590B07152357B700AD9462 /* Debug */ = {
			isa = XCBuildConfiguration;
			buildSettings = {
				GCC_PRECOMPILE_PREFIX_HEADER = YES;
				GCC_PREFIX_HEADER = "SayHello/SayHello-Prefix.pch";
				INFOPLIST_FILE = "SayHello/SayHello-Info.plist";
				PRODUCT_NAME = "$(TARGET_NAME)";
				WRAPPER_EXTENSION = app;
			};
			name = Debug;
		};
		16590B08152357B700AD9462 /* Release */ = {
			isa = XCBuildConfiguration;
			buildSettings = {
				GCC_PRECOMPILE_PREFIX_HEADER = YES;
				GCC_PREFIX_HEADER = "SayHello/SayHello-Prefix.pch";
				INFOPLIST_FILE = "SayHello/SayHello-Info.plist";
				PRODUCT_NAME = "$(TARGET_NAME)";
				WRAPPER_EXTENSION = app;
			};
			name = Release;
		};
		16590B0A152357B700AD9462 /* Debug */ = {
			isa = XCBuildConfiguration;
			buildSettings = {
				BUNDLE_LOADER = "$(BUILT_PRODUCTS_DIR)/SayHello.app/SayHello";
				FRAMEWORK_SEARCH_PATHS = (
					"$(SDKROOT)/Developer/Library/Frameworks",
					"$(DEVELOPER_LIBRARY_DIR)/Frameworks",
				);
				GCC_PRECOMPILE_PREFIX_HEADER = YES;
				GCC_PREFIX_HEADER = "SayHello/SayHello-Prefix.pch";
				INFOPLIST_FILE = "SayHelloTests/SayHelloTests-Info.plist";
				PRODUCT_NAME = "$(TARGET_NAME)";
				TEST_HOST = "$(BUNDLE_LOADER)";
				WRAPPER_EXTENSION = octest;
			};
			name = Debug;
		};
		16590B0B152357B700AD9462 /* Release */ = {
			isa = XCBuildConfiguration;
			buildSettings = {
				BUNDLE_LOADER = "$(BUILT_PRODUCTS_DIR)/SayHello.app/SayHello";
				FRAMEWORK_SEARCH_PATHS = (
					"$(SDKROOT)/Developer/Library/Frameworks",
					"$(DEVELOPER_LIBRARY_DIR)/Frameworks",
				);
				GCC_PRECOMPILE_PREFIX_HEADER = YES;
				GCC_PREFIX_HEADER = "SayHello/SayHello-Prefix.pch";
				INFOPLIST_FILE = "SayHelloTests/SayHelloTests-Info.plist";
				PRODUCT_NAME = "$(TARGET_NAME)";
				TEST_HOST = "$(BUNDLE_LOADER)";
				WRAPPER_EXTENSION = octest;
			};
			name = Release;
		};
/* End XCBuildConfiguration section */

/* Begin XCConfigurationList section */
		16590ACD152357B700AD9462 /* Build configuration list for PBXProject "SayHello" */ = {
			isa = XCConfigurationList;
			buildConfigurations = (
				16590B04152357B700AD9462 /* Debug */,
				16590B05152357B700AD9462 /* Release */,
			);
			defaultConfigurationIsVisible = 0;
			defaultConfigurationName = Release;
		};
		16590B06152357B700AD9462 /* Build configuration list for PBXNativeTarget "SayHello" */ = {
			isa = XCConfigurationList;
			buildConfigurations = (
				16590B07152357B700AD9462 /* Debug */,
				16590B08152357B700AD9462 /* Release */,
			);
			defaultConfigurationIsVisible = 0;
		};
		16590B09152357B700AD9462 /* Build configuration list for PBXNativeTarget "SayHelloTests" */ = {
			isa = XCConfigurationList;
			buildConfigurations = (
				16590B0A152357B700AD9462 /* Debug */,
				16590B0B152357B700AD9462 /* Release */,
			);
			defaultConfigurationIsVisible = 0;
		};
/* End XCConfigurationList section */
	};
	rootObject = 16590ACA152357B700AD9462 /* Project object */;
}
